
Microsoft Visual Studio Solution File, Format Version 12.00
# Visual Studio 15
VisualStudioVersion = 15.0.28307.329
MinimumVisualStudioVersion = 10.0.40219.1
Project("{FAE04EC0-301F-11D3-BF4B-00C04F79EFBC}") = "Blog.Model", "Blog.Model\Blog.Model.csproj", "{58535D78-24FE-493C-9B47-5310BC10AFF6}"
EndProject
Project("{FAE04EC0-301F-11D3-BF4B-00C04F79EFBC}") = "Blog.Data", "Blog.Data\Blog.Data.csproj", "{3ADAB34B-C350-469D-AD75-255B2B27F592}"
EndProject
Project("{FAE04EC0-301F-11D3-BF4B-00C04F79EFBC}") = "Blog.API", "Blog.API\Blog.API.csproj", "{78BE04AA-6C0B-4348-A0AB-660053E81AD6}"
EndProject
Global
	GlobalSection(SolutionConfigurationPlatforms) = preSolution
		Debug|Any CPU = Debug|Any CPU
		Release|Any CPU = Release|Any CPU
	EndGlobalSection
	GlobalSection(ProjectConfigurationPlatforms) = postSolution
		{58535D78-24FE-493C-9B47-5310BC10AFF6}.Debug|Any CPU.ActiveCfg = Debug|Any CPU
		{58535D78-24FE-493C-9B47-5310BC10AFF6}.Debug|Any CPU.Build.0 = Debug|Any CPU
		{58535D78-24FE-493C-9B47-5310BC10AFF6}.Release|Any CPU.ActiveCfg = Release|Any CPU
		{58535D78-24FE-493C-9B47-5310BC10AFF6}.Release|Any CPU.Build.0 = Release|Any CPU
		{3ADAB34B-C350-469D-AD75-255B2B27F592}.Debug|Any CPU.ActiveCfg = Debug|Any CPU
		{3ADAB34B-C350-469D-AD75-255B2B27F592}.Debug|Any CPU.Build.0 = Debug|Any CPU
		{3ADAB34B-C350-469D-AD75-255B2B27F592}.Release|Any CPU.ActiveCfg = Release|Any CPU
		{3ADAB34B-C350-469D-AD75-255B2B27F592}.Release|Any CPU.Build.0 = Release|Any CPU
		{78BE04AA-6C0B-4348-A0AB-660053E81AD6}.Debug|Any CPU.ActiveCfg = Debug|Any CPU
		{78BE04AA-6C0B-4348-A0AB-660053E81AD6}.Debug|Any CPU.Build.0 = Debug|Any CPU
		{78BE04AA-6C0B-4348-A0AB-660053E81AD6}.Release|Any CPU.ActiveCfg = Release|Any CPU
		{78BE04AA-6C0B-4348-A0AB-660053E81AD6}.Release|Any CPU.Build.0 = Release|Any CPU
	EndGlobalSection
	GlobalSection(SolutionProperties) = preSolution
		HideSolutionNode = FALSE
	EndGlobalSection
	GlobalSection(ExtensibilityGlobals) = postSolution
		SolutionGuid = {36A74DF7-F76D-40F1-82D4-04688F91DC8D}
	EndGlobalSection
EndGlobal
